
Microsoft Visual Studio Solution File, Format Version 10.00
# Visual Studio 2008
Project("{FAE04EC0-301F-11D3-BF4B-00C04F79EFBC}") = "Enhanced CS Tabbed Web Browser", "Enhanced CS Tabbed Web Browser\Enhanced CS Tabbed Web Browser.csproj", "{66DE4440-493E-431E-8B37-9105821DCEE0}"
EndProject
Global
	GlobalSection(SolutionConfigurationPlatforms) = preSolution
		Debug|Any CPU = Debug|Any CPU
		Release|Any CPU = Release|Any CPU
	EndGlobalSection
	GlobalSection(ProjectConfigurationPlatforms) = postSolution
		{66DE4440-493E-431E-8B37-9105821DCEE0}.Debug|Any CPU.ActiveCfg = Debug|Any CPU
		{66DE4440-493E-431E-8B37-9105821DCEE0}.Debug|Any CPU.Build.0 = Debug|Any CPU
		{66DE4440-493E-431E-8B37-9105821DCEE0}.Release|Any CPU.ActiveCfg = Release|Any CPU
		{66DE4440-493E-431E-8B37-9105821DCEE0}.Release|Any CPU.Build.0 = Release|Any CPU
	EndGlobalSection
	GlobalSection(SolutionProperties) = preSolution
		HideSolutionNode = FALSE
	EndGlobalSection
EndGlobal
